{
  "version": 4,
  "terraform_version": "1.10.5",
  "serial": 33,
  "lineage": "57e424bf-e0ba-9156-69d0-b00003aa2a68",
  "outputs": {},
  "resources": [
    {
      "mode": "data",
      "type": "aws_ami",
      "name": "ubuntu",
      "provider": "provider[\"registry.terraform.io/hashicorp/aws\"]",
      "instances": [
        {
          "schema_version": 0,
          "attributes": {
            "architecture": "x86_64",
            "arn": "arn:aws:ec2:us-east-1::image/ami-0e1bed4f06a3b463d",
            "block_device_mappings": [
              {
                "device_name": "/dev/sda1",
                "ebs": {
                  "delete_on_termination": "true",
                  "encrypted": "false",
                  "iops": "0",
                  "snapshot_id": "snap-0b9170dee60c9ec7a",
                  "throughput": "0",
                  "volume_size": "8",
                  "volume_type": "gp2"
                },
                "no_device": "",
                "virtual_name": ""
              },
              {
                "device_name": "/dev/sdb",
                "ebs": {},
                "no_device": "",
                "virtual_name": "ephemeral0"
              },
              {
                "device_name": "/dev/sdc",
                "ebs": {},
                "no_device": "",
                "virtual_name": "ephemeral1"
              }
            ],
            "boot_mode": "uefi-preferred",
            "creation_date": "2025-01-12T04:14:49.000Z",
            "deprecation_time": "2027-01-12T04:14:49.000Z",
            "description": "Canonical, Ubuntu, 22.04, amd64 jammy image",
            "ena_support": true,
            "executable_users": null,
            "filter": [
              {
                "name": "name",
                "values": [
                  "ubuntu/images/hvm-ssd/ubuntu-jammy-22.04-amd64-server-*"
                ]
              },
              {
                "name": "virtualization-type",
                "values": [
                  "hvm"
                ]
              }
            ],
            "hypervisor": "xen",
            "id": "ami-0e1bed4f06a3b463d",
            "image_id": "ami-0e1bed4f06a3b463d",
            "image_location": "amazon/ubuntu/images/hvm-ssd/ubuntu-jammy-22.04-amd64-server-20250112",
            "image_owner_alias": "amazon",
            "image_type": "machine",
            "imds_support": "",
            "include_deprecated": false,
            "kernel_id": "",
            "most_recent": true,
            "name": "ubuntu/images/hvm-ssd/ubuntu-jammy-22.04-amd64-server-20250112",
            "name_regex": null,
            "owner_id": "099720109477",
            "owners": [
              "099720109477"
            ],
            "platform": "",
            "platform_details": "Linux/UNIX",
            "product_codes": [],
            "public": true,
            "ramdisk_id": "",
            "root_device_name": "/dev/sda1",
            "root_device_type": "ebs",
            "root_snapshot_id": "snap-0b9170dee60c9ec7a",
            "sriov_net_support": "simple",
            "state": "available",
            "state_reason": {
              "code": "UNSET",
              "message": "UNSET"
            },
            "tags": {},
            "timeouts": null,
            "tpm_support": "",
            "uefi_data": null,
            "usage_operation": "RunInstances",
            "virtualization_type": "hvm"
          },
          "sensitive_attributes": []
        }
      ]
    },
    {
      "mode": "managed",
      "type": "aws_eip",
      "name": "lb",
      "provider": "provider[\"registry.terraform.io/hashicorp/aws\"]",
      "instances": [
        {
          "schema_version": 0,
          "attributes": {
            "address": null,
            "allocation_id": "eipalloc-03dbec0c5d225b693",
            "arn": "arn:aws:ec2:us-east-1:971337390020:elastic-ip/eipalloc-03dbec0c5d225b693",
            "associate_with_private_ip": null,
            "association_id": "eipassoc-04662d1b2d3a7bc9d",
            "carrier_ip": "",
            "customer_owned_ip": "",
            "customer_owned_ipv4_pool": "",
            "domain": "vpc",
            "id": "eipalloc-03dbec0c5d225b693",
            "instance": "",
            "ipam_pool_id": null,
            "network_border_group": "us-east-1",
            "network_interface": "eni-0f8ec1b537123ab90",
            "private_dns": "ip-10-0-1-16.ec2.internal",
            "private_ip": "10.0.1.16",
            "ptr_record": "",
            "public_dns": "ec2-44-223-202-210.compute-1.amazonaws.com",
            "public_ip": "44.223.202.210",
            "public_ipv4_pool": "amazon",
            "tags": {},
            "tags_all": {},
            "timeouts": null,
            "vpc": true
          },
          "sensitive_attributes": [],
          "private": "eyJlMmJmYjczMC1lY2FhLTExZTYtOGY4OC0zNDM2M2JjN2M0YzAiOnsiZGVsZXRlIjoxODAwMDAwMDAwMDAsInJlYWQiOjkwMDAwMDAwMDAwMCwidXBkYXRlIjozMDAwMDAwMDAwMDB9fQ=="
        }
      ]
    },
    {
      "mode": "managed",
      "type": "aws_instance",
      "name": "pri",
      "provider": "provider[\"registry.terraform.io/hashicorp/aws\"]",
      "instances": [
        {
          "schema_version": 1,
          "attributes": {
            "ami": "ami-0e1bed4f06a3b463d",
            "arn": "arn:aws:ec2:us-east-1:971337390020:instance/i-07e9cfa61bef9db13",
            "associate_public_ip_address": false,
            "availability_zone": "us-east-1a",
            "capacity_reservation_specification": [
              {
                "capacity_reservation_preference": "open",
                "capacity_reservation_target": []
              }
            ],
            "cpu_core_count": 1,
            "cpu_options": [
              {
                "amd_sev_snp": "",
                "core_count": 1,
                "threads_per_core": 2
              }
            ],
            "cpu_threads_per_core": 2,
            "credit_specification": [
              {
                "cpu_credits": "unlimited"
              }
            ],
            "disable_api_stop": false,
            "disable_api_termination": false,
            "ebs_block_device": [],
            "ebs_optimized": false,
            "enable_primary_ipv6": null,
            "enclave_options": [
              {
                "enabled": false
              }
            ],
            "ephemeral_block_device": [],
            "get_password_data": false,
            "hibernation": false,
            "host_id": "",
            "host_resource_group_arn": null,
            "iam_instance_profile": "",
            "id": "i-07e9cfa61bef9db13",
            "instance_initiated_shutdown_behavior": "stop",
            "instance_lifecycle": "",
            "instance_market_options": [],
            "instance_state": "running",
            "instance_type": "t3.micro",
            "ipv6_address_count": 0,
            "ipv6_addresses": [],
            "key_name": "",
            "launch_template": [],
            "maintenance_options": [
              {
                "auto_recovery": "default"
              }
            ],
            "metadata_options": [
              {
                "http_endpoint": "enabled",
                "http_protocol_ipv6": "disabled",
                "http_put_response_hop_limit": 1,
                "http_tokens": "optional",
                "instance_metadata_tags": "disabled"
              }
            ],
            "monitoring": false,
            "network_interface": [],
            "outpost_arn": "",
            "password_data": "",
            "placement_group": "",
            "placement_partition_number": 0,
            "primary_network_interface_id": "eni-0d12c1a2ba3871267",
            "private_dns": "ip-10-0-2-215.ec2.internal",
            "private_dns_name_options": [
              {
                "enable_resource_name_dns_a_record": false,
                "enable_resource_name_dns_aaaa_record": false,
                "hostname_type": "ip-name"
              }
            ],
            "private_ip": "10.0.2.215",
            "public_dns": "",
            "public_ip": "",
            "root_block_device": [
              {
                "delete_on_termination": true,
                "device_name": "/dev/sda1",
                "encrypted": false,
                "iops": 100,
                "kms_key_id": "",
                "tags": {},
                "tags_all": {},
                "throughput": 0,
                "volume_id": "vol-0cb66ac5112bc82e1",
                "volume_size": 8,
                "volume_type": "gp2"
              }
            ],
            "secondary_private_ips": [],
            "security_groups": [],
            "source_dest_check": true,
            "spot_instance_request_id": "",
            "subnet_id": "subnet-05a68b8d9bab56703",
            "tags": {
              "Name": "ByeTerraForm"
            },
            "tags_all": {
              "Name": "ByeTerraForm"
            },
            "tenancy": "default",
            "timeouts": null,
            "user_data": null,
            "user_data_base64": null,
            "user_data_replace_on_change": false,
            "volume_tags": null,
            "vpc_security_group_ids": [
              "sg-0cf3aa03e44492e90"
            ]
          },
          "sensitive_attributes": [],
          "private": "eyJlMmJmYjczMC1lY2FhLTExZTYtOGY4OC0zNDM2M2JjN2M0YzAiOnsiY3JlYXRlIjo2MDAwMDAwMDAwMDAsImRlbGV0ZSI6MTIwMDAwMDAwMDAwMCwicmVhZCI6OTAwMDAwMDAwMDAwLCJ1cGRhdGUiOjYwMDAwMDAwMDAwMH0sInNjaGVtYV92ZXJzaW9uIjoiMSJ9",
          "dependencies": [
            "aws_security_group.terraformSG",
            "aws_subnet.private_subnet",
            "aws_vpc.terraformVPC",
            "data.aws_ami.ubuntu"
          ]
        }
      ]
    },
    {
      "mode": "managed",
      "type": "aws_instance",
      "name": "pub",
      "provider": "provider[\"registry.terraform.io/hashicorp/aws\"]",
      "instances": [
        {
          "schema_version": 1,
          "attributes": {
            "ami": "ami-0e1bed4f06a3b463d",
            "arn": "arn:aws:ec2:us-east-1:971337390020:instance/i-030467f57660eefc4",
            "associate_public_ip_address": false,
            "availability_zone": "us-east-1a",
            "capacity_reservation_specification": [
              {
                "capacity_reservation_preference": "open",
                "capacity_reservation_target": []
              }
            ],
            "cpu_core_count": 1,
            "cpu_options": [
              {
                "amd_sev_snp": "",
                "core_count": 1,
                "threads_per_core": 2
              }
            ],
            "cpu_threads_per_core": 2,
            "credit_specification": [
              {
                "cpu_credits": "unlimited"
              }
            ],
            "disable_api_stop": false,
            "disable_api_termination": false,
            "ebs_block_device": [],
            "ebs_optimized": false,
            "enable_primary_ipv6": null,
            "enclave_options": [
              {
                "enabled": false
              }
            ],
            "ephemeral_block_device": [],
            "get_password_data": false,
            "hibernation": false,
            "host_id": "",
            "host_resource_group_arn": null,
            "iam_instance_profile": "",
            "id": "i-030467f57660eefc4",
            "instance_initiated_shutdown_behavior": "stop",
            "instance_lifecycle": "",
            "instance_market_options": [],
            "instance_state": "running",
            "instance_type": "t3.micro",
            "ipv6_address_count": 0,
            "ipv6_addresses": [],
            "key_name": "my-terraform-key",
            "launch_template": [],
            "maintenance_options": [
              {
                "auto_recovery": "default"
              }
            ],
            "metadata_options": [
              {
                "http_endpoint": "enabled",
                "http_protocol_ipv6": "disabled",
                "http_put_response_hop_limit": 1,
                "http_tokens": "optional",
                "instance_metadata_tags": "disabled"
              }
            ],
            "monitoring": false,
            "network_interface": [],
            "outpost_arn": "",
            "password_data": "",
            "placement_group": "",
            "placement_partition_number": 0,
            "primary_network_interface_id": "eni-024ce93784d162669",
            "private_dns": "ip-10-0-1-49.ec2.internal",
            "private_dns_name_options": [
              {
                "enable_resource_name_dns_a_record": false,
                "enable_resource_name_dns_aaaa_record": false,
                "hostname_type": "ip-name"
              }
            ],
            "private_ip": "10.0.1.49",
            "public_dns": "",
            "public_ip": "",
            "root_block_device": [
              {
                "delete_on_termination": true,
                "device_name": "/dev/sda1",
                "encrypted": false,
                "iops": 100,
                "kms_key_id": "",
                "tags": {},
                "tags_all": {},
                "throughput": 0,
                "volume_id": "vol-01e3e4508e78fe37a",
                "volume_size": 8,
                "volume_type": "gp2"
              }
            ],
            "secondary_private_ips": [],
            "security_groups": [],
            "source_dest_check": true,
            "spot_instance_request_id": "",
            "subnet_id": "subnet-0412e8a63b30f4c5e",
            "tags": {
              "Name": "HelloTerraForm"
            },
            "tags_all": {
              "Name": "HelloTerraForm"
            },
            "tenancy": "default",
            "timeouts": null,
            "user_data": null,
            "user_data_base64": null,
            "user_data_replace_on_change": false,
            "volume_tags": null,
            "vpc_security_group_ids": [
              "sg-0cf3aa03e44492e90"
            ]
          },
          "sensitive_attributes": [],
          "private": "eyJlMmJmYjczMC1lY2FhLTExZTYtOGY4OC0zNDM2M2JjN2M0YzAiOnsiY3JlYXRlIjo2MDAwMDAwMDAwMDAsImRlbGV0ZSI6MTIwMDAwMDAwMDAwMCwicmVhZCI6OTAwMDAwMDAwMDAwLCJ1cGRhdGUiOjYwMDAwMDAwMDAwMH0sInNjaGVtYV92ZXJzaW9uIjoiMSJ9",
          "dependencies": [
            "aws_key_pair.my_key",
            "aws_security_group.terraformSG",
            "aws_subnet.public_subnet",
            "aws_vpc.terraformVPC",
            "data.aws_ami.ubuntu",
            "tls_private_key.my_key"
          ]
        }
      ]
    },
    {
      "mode": "managed",
      "type": "aws_internet_gateway",
      "name": "igw",
      "provider": "provider[\"registry.terraform.io/hashicorp/aws\"]",
      "instances": [
        {
          "schema_version": 0,
          "attributes": {
            "arn": "arn:aws:ec2:us-east-1:971337390020:internet-gateway/igw-0914ceb2104be28f8",
            "id": "igw-0914ceb2104be28f8",
            "owner_id": "971337390020",
            "tags": {
              "Name": "igw-terraform"
            },
            "tags_all": {
              "Name": "igw-terraform"
            },
            "timeouts": null,
            "vpc_id": "vpc-03d7a46a1fde4f707"
          },
          "sensitive_attributes": [],
          "private": "eyJlMmJmYjczMC1lY2FhLTExZTYtOGY4OC0zNDM2M2JjN2M0YzAiOnsiY3JlYXRlIjoxMjAwMDAwMDAwMDAwLCJkZWxldGUiOjEyMDAwMDAwMDAwMDAsInVwZGF0ZSI6MTIwMDAwMDAwMDAwMH19",
          "dependencies": [
            "aws_vpc.terraformVPC"
          ]
        }
      ]
    },
    {
      "mode": "managed",
      "type": "aws_key_pair",
      "name": "my_key",
      "provider": "provider[\"registry.terraform.io/hashicorp/aws\"]",
      "instances": [
        {
          "schema_version": 1,
          "attributes": {
            "arn": "arn:aws:ec2:us-east-1:971337390020:key-pair/my-terraform-key",
            "fingerprint": "3a:67:cc:e5:f1:ca:d3:f3:22:19:45:69:74:5a:99:7f",
            "id": "my-terraform-key",
            "key_name": "my-terraform-key",
            "key_name_prefix": "",
            "key_pair_id": "key-0f010f19b58cfcd07",
            "key_type": "rsa",
            "public_key": "ssh-rsa AAAAB3NzaC1yc2EAAAADAQABAAACAQDWyuaxBAT2VKGR4rzAtr0tn0W+KMdkW9xhv2BNxhQHHKM3cQ3impN8gugrBfQcpl00dfnDhwpY0NnWOvQzElsnpcQlVGzkmugnAOBzdWSupoaVrcJNW6DP+o3kibvtwwp0YfzL5zYKsaC7TWde2T96GkK/yQL/LDl3lUkiOrtt35EQoISDmzQIn5PnVGnBWOZhvfHrUGh7aXsnsr8hZ6EPBhqWI58xMMfSv86H7RadhiFAvZw0YO9yFsbcjRTQvrEuB/vFn/jUSfSTCEWevQ+M+fJ7BTWTNRxHX5dW4zWHXN4r9uzkZ8XtdD4N7j181de1lJQ3XMI/yC4wUXCttbAaO8md8aB0X2T8OO/1X89hgV2qC2eeA7VyxBbc7sQJreOPOiaPIkprBWorMmtCYwKhjDRl2fzI6kOH0028Fs7vrPrNeLWF/VXByeKVzFNcqSzEmfydvUX8D3Jnb7sNzDMzEEfGaZY3Xj4/zzUGN2rZRUDsodZZeo7NU4Nn0VMw8MgvCRukgO1Z0eL9m+A4w5pVvJPZLNbEGjpMo/jtrMniNlrMVH82zLO1CT3WvM8asklxAKtmOcJmfUA+HnXhXQd2/AlRNAAxh/AOyb99nyethFH6toJXvFv7o2trc9/wTIMkqOsGmNuyYXrhnK0gcV5b9xMaBglrpJadL7GZ/XBmWQ==",
            "tags": {},
            "tags_all": {}
          },
          "sensitive_attributes": [],
          "private": "eyJzY2hlbWFfdmVyc2lvbiI6IjEifQ==",
          "dependencies": [
            "tls_private_key.my_key"
          ]
        }
      ]
    },
    {
      "mode": "managed",
      "type": "aws_nat_gateway",
      "name": "NAT",
      "provider": "provider[\"registry.terraform.io/hashicorp/aws\"]",
      "instances": [
        {
          "schema_version": 0,
          "attributes": {
            "allocation_id": "eipalloc-03dbec0c5d225b693",
            "association_id": "eipassoc-04662d1b2d3a7bc9d",
            "connectivity_type": "public",
            "id": "nat-003a42e9b2f2386e6",
            "network_interface_id": "eni-0f8ec1b537123ab90",
            "private_ip": "10.0.1.16",
            "public_ip": "44.223.202.210",
            "secondary_allocation_ids": [],
            "secondary_private_ip_address_count": 0,
            "secondary_private_ip_addresses": [],
            "subnet_id": "subnet-0412e8a63b30f4c5e",
            "tags": {
              "Name": "gw NAT"
            },
            "tags_all": {
              "Name": "gw NAT"
            },
            "timeouts": null
          },
          "sensitive_attributes": [],
          "private": "eyJlMmJmYjczMC1lY2FhLTExZTYtOGY4OC0zNDM2M2JjN2M0YzAiOnsiY3JlYXRlIjo2MDAwMDAwMDAwMDAsImRlbGV0ZSI6MTgwMDAwMDAwMDAwMCwidXBkYXRlIjo2MDAwMDAwMDAwMDB9fQ==",
          "dependencies": [
            "aws_eip.lb",
            "aws_internet_gateway.igw",
            "aws_subnet.public_subnet",
            "aws_vpc.terraformVPC"
          ]
        }
      ]
    },
    {
      "mode": "managed",
      "type": "aws_route",
      "name": "route",
      "provider": "provider[\"registry.terraform.io/hashicorp/aws\"]",
      "instances": [
        {
          "schema_version": 0,
          "attributes": {
            "carrier_gateway_id": "",
            "core_network_arn": "",
            "destination_cidr_block": "0.0.0.0/0",
            "destination_ipv6_cidr_block": "",
            "destination_prefix_list_id": "",
            "egress_only_gateway_id": "",
            "gateway_id": "igw-0914ceb2104be28f8",
            "id": "r-rtb-0b8013238a2ce895e1080289494",
            "instance_id": "",
            "instance_owner_id": "",
            "local_gateway_id": "",
            "nat_gateway_id": "",
            "network_interface_id": "",
            "origin": "CreateRoute",
            "route_table_id": "rtb-0b8013238a2ce895e",
            "state": "active",
            "timeouts": null,
            "transit_gateway_id": "",
            "vpc_endpoint_id": "",
            "vpc_peering_connection_id": ""
          },
          "sensitive_attributes": [],
          "private": "eyJlMmJmYjczMC1lY2FhLTExZTYtOGY4OC0zNDM2M2JjN2M0YzAiOnsiY3JlYXRlIjozMDAwMDAwMDAwMDAsImRlbGV0ZSI6MzAwMDAwMDAwMDAwLCJ1cGRhdGUiOjEyMDAwMDAwMDAwMH19",
          "dependencies": [
            "aws_internet_gateway.igw",
            "aws_route_table.route",
            "aws_vpc.terraformVPC"
          ]
        }
      ]
    },
    {
      "mode": "managed",
      "type": "aws_route_table",
      "name": "route",
      "provider": "provider[\"registry.terraform.io/hashicorp/aws\"]",
      "instances": [
        {
          "schema_version": 0,
          "attributes": {
            "arn": "arn:aws:ec2:us-east-1:971337390020:route-table/rtb-0b8013238a2ce895e",
            "id": "rtb-0b8013238a2ce895e",
            "owner_id": "971337390020",
            "propagating_vgws": [],
            "route": [
              {
                "carrier_gateway_id": "",
                "cidr_block": "0.0.0.0/0",
                "core_network_arn": "",
                "destination_prefix_list_id": "",
                "egress_only_gateway_id": "",
                "gateway_id": "igw-0914ceb2104be28f8",
                "ipv6_cidr_block": "",
                "local_gateway_id": "",
                "nat_gateway_id": "",
                "network_interface_id": "",
                "transit_gateway_id": "",
                "vpc_endpoint_id": "",
                "vpc_peering_connection_id": ""
              }
            ],
            "tags": {
              "Name": "TerraFormRoute"
            },
            "tags_all": {
              "Name": "TerraFormRoute"
            },
            "timeouts": null,
            "vpc_id": "vpc-03d7a46a1fde4f707"
          },
          "sensitive_attributes": [],
          "private": "eyJlMmJmYjczMC1lY2FhLTExZTYtOGY4OC0zNDM2M2JjN2M0YzAiOnsiY3JlYXRlIjozMDAwMDAwMDAwMDAsImRlbGV0ZSI6MzAwMDAwMDAwMDAwLCJ1cGRhdGUiOjEyMDAwMDAwMDAwMH19",
          "dependencies": [
            "aws_vpc.terraformVPC"
          ]
        }
      ]
    },
    {
      "mode": "managed",
      "type": "aws_security_group",
      "name": "terraformSG",
      "provider": "provider[\"registry.terraform.io/hashicorp/aws\"]",
      "instances": [
        {
          "schema_version": 1,
          "attributes": {
            "arn": "arn:aws:ec2:us-east-1:971337390020:security-group/sg-0cf3aa03e44492e90",
            "description": "Allow TLS inbound traffic and all outbound traffic",
            "egress": [],
            "id": "sg-0cf3aa03e44492e90",
            "ingress": [],
            "name": "allow_tls",
            "name_prefix": "",
            "owner_id": "971337390020",
            "revoke_rules_on_delete": false,
            "tags": {
              "Name": "allow_tls"
            },
            "tags_all": {
              "Name": "allow_tls"
            },
            "timeouts": null,
            "vpc_id": "vpc-03d7a46a1fde4f707"
          },
          "sensitive_attributes": [],
          "private": "eyJlMmJmYjczMC1lY2FhLTExZTYtOGY4OC0zNDM2M2JjN2M0YzAiOnsiY3JlYXRlIjo2MDAwMDAwMDAwMDAsImRlbGV0ZSI6OTAwMDAwMDAwMDAwfSwic2NoZW1hX3ZlcnNpb24iOiIxIn0=",
          "dependencies": [
            "aws_vpc.terraformVPC"
          ]
        }
      ]
    },
    {
      "mode": "managed",
      "type": "aws_subnet",
      "name": "private_subnet",
      "provider": "provider[\"registry.terraform.io/hashicorp/aws\"]",
      "instances": [
        {
          "schema_version": 1,
          "attributes": {
            "arn": "arn:aws:ec2:us-east-1:971337390020:subnet/subnet-05a68b8d9bab56703",
            "assign_ipv6_address_on_creation": false,
            "availability_zone": "us-east-1a",
            "availability_zone_id": "use1-az6",
            "cidr_block": "10.0.2.0/24",
            "customer_owned_ipv4_pool": "",
            "enable_dns64": false,
            "enable_lni_at_device_index": 0,
            "enable_resource_name_dns_a_record_on_launch": false,
            "enable_resource_name_dns_aaaa_record_on_launch": false,
            "id": "subnet-05a68b8d9bab56703",
            "ipv6_cidr_block": "",
            "ipv6_cidr_block_association_id": "",
            "ipv6_native": false,
            "map_customer_owned_ip_on_launch": false,
            "map_public_ip_on_launch": false,
            "outpost_arn": "",
            "owner_id": "971337390020",
            "private_dns_hostname_type_on_launch": "ip-name",
            "tags": {
              "Name": "private_tf_subnet"
            },
            "tags_all": {
              "Name": "private_tf_subnet"
            },
            "timeouts": null,
            "vpc_id": "vpc-03d7a46a1fde4f707"
          },
          "sensitive_attributes": [],
          "private": "eyJlMmJmYjczMC1lY2FhLTExZTYtOGY4OC0zNDM2M2JjN2M0YzAiOnsiY3JlYXRlIjo2MDAwMDAwMDAwMDAsImRlbGV0ZSI6MTIwMDAwMDAwMDAwMH0sInNjaGVtYV92ZXJzaW9uIjoiMSJ9",
          "dependencies": [
            "aws_vpc.terraformVPC"
          ]
        }
      ]
    },
    {
      "mode": "managed",
      "type": "aws_subnet",
      "name": "public_subnet",
      "provider": "provider[\"registry.terraform.io/hashicorp/aws\"]",
      "instances": [
        {
          "schema_version": 1,
          "attributes": {
            "arn": "arn:aws:ec2:us-east-1:971337390020:subnet/subnet-0412e8a63b30f4c5e",
            "assign_ipv6_address_on_creation": false,
            "availability_zone": "us-east-1a",
            "availability_zone_id": "use1-az6",
            "cidr_block": "10.0.1.0/24",
            "customer_owned_ipv4_pool": "",
            "enable_dns64": false,
            "enable_lni_at_device_index": 0,
            "enable_resource_name_dns_a_record_on_launch": false,
            "enable_resource_name_dns_aaaa_record_on_launch": false,
            "id": "subnet-0412e8a63b30f4c5e",
            "ipv6_cidr_block": "",
            "ipv6_cidr_block_association_id": "",
            "ipv6_native": false,
            "map_customer_owned_ip_on_launch": false,
            "map_public_ip_on_launch": false,
            "outpost_arn": "",
            "owner_id": "971337390020",
            "private_dns_hostname_type_on_launch": "ip-name",
            "tags": {
              "Name": "public_tf_subnet"
            },
            "tags_all": {
              "Name": "public_tf_subnet"
            },
            "timeouts": null,
            "vpc_id": "vpc-03d7a46a1fde4f707"
          },
          "sensitive_attributes": [],
          "private": "eyJlMmJmYjczMC1lY2FhLTExZTYtOGY4OC0zNDM2M2JjN2M0YzAiOnsiY3JlYXRlIjo2MDAwMDAwMDAwMDAsImRlbGV0ZSI6MTIwMDAwMDAwMDAwMH0sInNjaGVtYV92ZXJzaW9uIjoiMSJ9",
          "dependencies": [
            "aws_vpc.terraformVPC"
          ]
        }
      ]
    },
    {
      "mode": "managed",
      "type": "aws_vpc",
      "name": "terraformVPC",
      "provider": "provider[\"registry.terraform.io/hashicorp/aws\"]",
      "instances": [
        {
          "schema_version": 1,
          "attributes": {
            "arn": "arn:aws:ec2:us-east-1:971337390020:vpc/vpc-03d7a46a1fde4f707",
            "assign_generated_ipv6_cidr_block": false,
            "cidr_block": "10.0.0.0/16",
            "default_network_acl_id": "acl-0be565dbb54f12378",
            "default_route_table_id": "rtb-01fae4e3d390ad322",
            "default_security_group_id": "sg-0f2a683f6ba8f82b4",
            "dhcp_options_id": "dopt-003235b1ae966d20f",
            "enable_dns_hostnames": false,
            "enable_dns_support": true,
            "enable_network_address_usage_metrics": false,
            "id": "vpc-03d7a46a1fde4f707",
            "instance_tenancy": "default",
            "ipv4_ipam_pool_id": null,
            "ipv4_netmask_length": null,
            "ipv6_association_id": "",
            "ipv6_cidr_block": "",
            "ipv6_cidr_block_network_border_group": "",
            "ipv6_ipam_pool_id": "",
            "ipv6_netmask_length": 0,
            "main_route_table_id": "rtb-01fae4e3d390ad322",
            "owner_id": "971337390020",
            "tags": {
              "Name": "Terraform VPC"
            },
            "tags_all": {
              "Name": "Terraform VPC"
            }
          },
          "sensitive_attributes": [],
          "private": "eyJzY2hlbWFfdmVyc2lvbiI6IjEifQ=="
        }
      ]
    },
    {
      "mode": "managed",
      "type": "aws_vpc_security_group_egress_rule",
      "name": "allow_all_traffic_ipv4",
      "provider": "provider[\"registry.terraform.io/hashicorp/aws\"]",
      "instances": [
        {
          "schema_version": 0,
          "attributes": {
            "arn": "arn:aws:ec2:us-east-1:971337390020:security-group-rule/sgr-0016d004ca9b6b6f1",
            "cidr_ipv4": "0.0.0.0/0",
            "cidr_ipv6": null,
            "description": null,
            "from_port": null,
            "id": "sgr-0016d004ca9b6b6f1",
            "ip_protocol": "-1",
            "prefix_list_id": null,
            "referenced_security_group_id": null,
            "security_group_id": "sg-0cf3aa03e44492e90",
            "security_group_rule_id": "sgr-0016d004ca9b6b6f1",
            "tags": null,
            "tags_all": {},
            "to_port": null
          },
          "sensitive_attributes": [],
          "dependencies": [
            "aws_security_group.terraformSG",
            "aws_vpc.terraformVPC"
          ]
        }
      ]
    },
    {
      "mode": "managed",
      "type": "aws_vpc_security_group_ingress_rule",
      "name": "allow_ssh_ipv4",
      "provider": "provider[\"registry.terraform.io/hashicorp/aws\"]",
      "instances": [
        {
          "schema_version": 0,
          "attributes": {
            "arn": "arn:aws:ec2:us-east-1:971337390020:security-group-rule/sgr-08e7e60d433db0a52",
            "cidr_ipv4": "0.0.0.0/0",
            "cidr_ipv6": null,
            "description": null,
            "from_port": 22,
            "id": "sgr-08e7e60d433db0a52",
            "ip_protocol": "tcp",
            "prefix_list_id": null,
            "referenced_security_group_id": null,
            "security_group_id": "sg-0cf3aa03e44492e90",
            "security_group_rule_id": "sgr-08e7e60d433db0a52",
            "tags": null,
            "tags_all": {},
            "to_port": 22
          },
          "sensitive_attributes": [],
          "dependencies": [
            "aws_security_group.terraformSG",
            "aws_vpc.terraformVPC"
          ]
        }
      ]
    },
    {
      "mode": "managed",
      "type": "aws_vpc_security_group_ingress_rule",
      "name": "allow_tls_ipv4",
      "provider": "provider[\"registry.terraform.io/hashicorp/aws\"]",
      "instances": [
        {
          "schema_version": 0,
          "attributes": {
            "arn": "arn:aws:ec2:us-east-1:971337390020:security-group-rule/sgr-057cf6a3a018e51b2",
            "cidr_ipv4": "0.0.0.0/0",
            "cidr_ipv6": null,
            "description": null,
            "from_port": 443,
            "id": "sgr-057cf6a3a018e51b2",
            "ip_protocol": "tcp",
            "prefix_list_id": null,
            "referenced_security_group_id": null,
            "security_group_id": "sg-0cf3aa03e44492e90",
            "security_group_rule_id": "sgr-057cf6a3a018e51b2",
            "tags": null,
            "tags_all": {},
            "to_port": 443
          },
          "sensitive_attributes": [],
          "dependencies": [
            "aws_security_group.terraformSG",
            "aws_vpc.terraformVPC"
          ]
        }
      ]
    },
    {
      "mode": "managed",
      "type": "local_file",
      "name": "private_key",
      "provider": "provider[\"registry.terraform.io/hashicorp/local\"]",
      "instances": [
        {
          "schema_version": 0,
          "attributes": {
            "content": "-----BEGIN RSA PRIVATE KEY-----\nMIIJKQIBAAKCAgEA1srmsQQE9lShkeK8wLa9LZ9FvijHZFvcYb9gTcYUBxyjN3EN\n4pqTfILoKwX0HKZdNHX5w4cKWNDZ1jr0MxJbJ6XEJVRs5JroJwDgc3VkrqaGla3C\nTVugz/qN5Im77cMKdGH8y+c2CrGgu01nXtk/ehpCv8kC/yw5d5VJIjq7bd+REKCE\ng5s0CJ+T51RpwVjmYb3x61Boe2l7J7K/IWehDwYaliOfMTDH0r/Oh+0WnYYhQL2c\nNGDvchbG3I0U0L6xLgf7xZ/41En0kwhFnr0PjPnyewU1kzUcR1+XVuM1h1zeK/bs\n5GfF7XQ+De49fNXXtZSUN1zCP8guMFFwrbWwGjvJnfGgdF9k/Djv9V/PYYFdqgtn\nngO1csQW3O7ECa3jjzomjyJKawVqKzJrQmMCoYw0Zdn8yOpDh9NNvBbO76z6zXi1\nhf1VwcnilcxTXKksxJn8nb1F/A9yZ2+7DcwzMxBHxmmWN14+P881Bjdq2UVA7KHW\nWXqOzVODZ9FTMPDILwkbpIDtWdHi/ZvgOMOaVbyT2SzWxBo6TKP47azJ4jZazFR/\nNsyztQk91rzPGrJJcQCrZjnCZn1APh514V0HdvwJUTQAMYfwDsm/fZ8nrYRR+raC\nV7xb+6Nra3Pf8EyDJKjrBpjbsmF64ZytIHFeW/cTGgYJa6SWnS+xmf1wZlkCAwEA\nAQKCAgASP6rZ3z2MsCQKAPmIZf4sohuKzGwkWqmepGPKN8n70LMNQs2rMvbU3Upc\nXWUgCgJhMqTFt/NpGFVpnhihPi4AcFT51vJpeb+/kJOBO7gSHpPQo7KeX+qJwP/N\nKuaMjMWWnbyclkhBIFZHk4v0wwBhn1mMccePZnJ7dnOANP03mIb6oqifhdAl62jl\nfoZ9ps/r/fdPxsUZtxx/gvA6JlPIsvwPRXeA9mQDw8gIRFxnhb3Ngk6DJLkzODwt\nAM+D7K+g+YyqfazmXGIrG8jOc8GeeJ3hVc/3ccu1RKnW9/bUSU+W7KOzxB1Mz1N2\nW4dd080/4B+3lGnsgVVrRYANQiJz8ECuhNzsMjq2jdSCvIo/MhjOE9bJBZCAXZ1N\nmJUZAAATAo7TPcaN3NDCA5TjER6nUeb2MDu25EqCuien5Iw1mcJvsXi2UgPer+Yo\nEJQ8lUkFJc2ifgAJ8u/c8tQwdT/j77XNHNnYofa7flSoc7uPfynWke0ychvUNDdJ\nVWBW7pROPy4vwHf3x+g95hu4V1LDV/xdImYU1wrpDLhm8iGBlolM+WpIhCJhX5eu\n7lxxyaSQeCIpy+GUr19xDBi5PzVYksa3LPvii+NeE+SiO9g8hA/3j/Fr2YoXrffA\n5zKXekAMZPLOUs3G1NJSIpTVg4mN5qCUCZBPuys4owWtWTAcAQKCAQEA4caion47\nLD3YZcFZB7raXKDRpnwpeBDGIIIS97fT66YSDgswSH6OZZloGxuCcEHqesm9S9CA\ntXlFBa9OsICKMMy8vII8DDhm7XuYzlS55oJ6/XiyFIu48+Rn3BJbNHeTXW6Cx5ck\nC6XfrHHLrRBpMxY7ZIAkeNxNtOeQhWt3L+T3DLyfPH8+ExCROtd6D/Njfb3dxnMo\nmxXTw0QemHog6Ap/ENLX9zjK/q42Y+pm1JCQNqXAAQYh7yXWqO6tMvvNMjnBblDw\nRoE1ONb1tTeDbgnhXJPHRT66eb9Y4uVVQkdGA0MQFRww4vb3AxQm+Awq+gsxftKA\nUAJyYkG+e4iuJQKCAQEA84vdoP+Zm0uEiRwxoQvlePewFrga91flXon5grGnjB8w\ni6ecEIS0vsaEXOEZa1E/ImpJU/h10K37987iiiniRKNU+CK/JljoqigX5p/epPt2\nif8gFvS/SuttzEAWNGgTNhRCxnVCmIJsaKQFMGvxyOj1HMu1Cd5YoQXifAMdHQ+A\npzOq2KxCAQcfNqkvHRKYAQ5j6qewOgEoV8/b1iE9Qgr9sPLm/6VT4a9TkEdFPcxG\ndU2nDBML3hjp3wKLVvvbcBiq0gyzqCZMufqj2ImG8mW5uSaqcbEPgT0LQhsIy1vu\nmew571Rla7Ql9fd/ta+M7x+xoAatAmuITvxYnfnfJQKCAQBX5Wbnb9FFlgYrByzL\n75iXOxyjfe7/CTi46yrLOcvND+gzg3OWpX52W1TGSN1tKpxIlUWWwGN7Quz2G5u8\n5y3lda98jA8oisS3a8i/ewisjtum1lgt239zo9YzPQo40NyUITPU1Ch6SGdd0SeE\nBsGN2/ffVmvciZfO99+xsXbDNJZhZQVxHfBip66Cg+THVO/EwigW3DpQthytBlYK\n8nDhJUT2nb7qRjfxEo2mNFk4I9ehDsJDI8oOOmLpfZH8KT9ncEi309bW+/JmYHlj\nxWrraflMe1O2x4b9YtsN6k5Y8Tp2hqM6NLFris37atsI8mPA2J66SuUdQPaa/hFU\nMo/pAoIBAQCc1VXMZqypN5FKphBDkCCerIoFp1seKsj2/0zg37xwXGlrlWzHql2m\neLomAYLX/AL3C5Da9SYRUujuZJi3tk8SOkfuXpnPfPOfF6CEkDDU92YXaWZlwggp\nm8AiBqcF6ntsmNGDcWGISny7SdxZmTmjUnj9qSSVDUzvrJVznKGz5BbKFViQnSUH\n+mkcTwia5S1jiLvJEWFHiRVMrvr3QoJrNB64Q0OEHxgMPlZGk87AA/rfcTkAaod6\n53o7dSz7v8ZIwmnGSA2tW7SPExtNxwpSsDVQSNj7y7SbWg8U68nXAwV8s4V/XE7P\nc7v6T/46pqjQGA3Pal0hMNQfYRtD5/PNAoIBAQDS6tk/E2O2t4Kg1JF3AkbzrBc9\n564jW6xXOn8L8IGbFbQMd479mZRz7DK9RTqbQlHxxc18tclgRWO9hd+1JisGUwyY\nusJYN6ip3I2Vc0Qa4YUkz14aZoPLalaAJPgah7nm55IveRFcsI/yR3lZWluNqJKR\n7K3wiHPhsCeU/kSGICjP8J2nyhv6UK83HPyX7GyRsIRfslJGNbA1ocfXjJ9pxOpf\npoeBh088GN63Moe5rHA8v6dYTPKZAwcG9rC5NQCqQaHnR06mcv7CrqyhoToMDzNf\nvTokXErcFFkT093ibfa+E5csteh1H4+Ze9d7RhiVFBeoD6mW9hm0Ds82clkr\n-----END RSA PRIVATE KEY-----\n",
            "content_base64": null,
            "content_base64sha256": "ePjclMixzqu1ztbGzcNUYC3JPaCwxB/9KnzSZSNv00w=",
            "content_base64sha512": "2KCndbaG0GraFUNEdF6xGVLPkk5LqMAcgpRE1BRLx8mqAZiUaFYBuvZjDg+z5QVjvTENd05h8pbopG7dmGsdYA==",
            "content_md5": "eec723c42c91b68b98c50d32b30ce6ca",
            "content_sha1": "e3308261201e1549f599a68326640ded8d7c176d",
            "content_sha256": "78f8dc94c8b1ceabb5ced6c6cdc354602dc93da0b0c41ffd2a7cd265236fd34c",
            "content_sha512": "d8a0a775b686d06ada154344745eb11952cf924e4ba8c01c829444d4144bc7c9aa019894685601baf6630e0fb3e50563bd310d774e61f296e8a46edd986b1d60",
            "directory_permission": "0777",
            "file_permission": "0777",
            "filename": "./my_terraform_key.pem",
            "id": "e3308261201e1549f599a68326640ded8d7c176d",
            "sensitive_content": null,
            "source": null
          },
          "sensitive_attributes": [
            [
              {
                "type": "get_attr",
                "value": "content"
              }
            ],
            [
              {
                "type": "get_attr",
                "value": "sensitive_content"
              }
            ]
          ],
          "dependencies": [
            "tls_private_key.my_key"
          ]
        }
      ]
    },
    {
      "mode": "managed",
      "type": "tls_private_key",
      "name": "my_key",
      "provider": "provider[\"registry.terraform.io/hashicorp/tls\"]",
      "instances": [
        {
          "schema_version": 1,
          "attributes": {
            "algorithm": "RSA",
            "ecdsa_curve": "P224",
            "id": "910ef36dd1726fc5d58ff743f32cba9cde6a3769",
            "private_key_openssh": "-----BEGIN OPENSSH PRIVATE KEY-----\nb3BlbnNzaC1rZXktdjEAAAAABG5vbmUAAAAEbm9uZQAAAAAAAAABAAACFwAAAAdz\nc2gtcnNhAAAAAwEAAQAAAgEA1srmsQQE9lShkeK8wLa9LZ9FvijHZFvcYb9gTcYU\nBxyjN3EN4pqTfILoKwX0HKZdNHX5w4cKWNDZ1jr0MxJbJ6XEJVRs5JroJwDgc3Vk\nrqaGla3CTVugz/qN5Im77cMKdGH8y+c2CrGgu01nXtk/ehpCv8kC/yw5d5VJIjq7\nbd+REKCEg5s0CJ+T51RpwVjmYb3x61Boe2l7J7K/IWehDwYaliOfMTDH0r/Oh+0W\nnYYhQL2cNGDvchbG3I0U0L6xLgf7xZ/41En0kwhFnr0PjPnyewU1kzUcR1+XVuM1\nh1zeK/bs5GfF7XQ+De49fNXXtZSUN1zCP8guMFFwrbWwGjvJnfGgdF9k/Djv9V/P\nYYFdqgtnngO1csQW3O7ECa3jjzomjyJKawVqKzJrQmMCoYw0Zdn8yOpDh9NNvBbO\n76z6zXi1hf1VwcnilcxTXKksxJn8nb1F/A9yZ2+7DcwzMxBHxmmWN14+P881Bjdq\n2UVA7KHWWXqOzVODZ9FTMPDILwkbpIDtWdHi/ZvgOMOaVbyT2SzWxBo6TKP47azJ\n4jZazFR/NsyztQk91rzPGrJJcQCrZjnCZn1APh514V0HdvwJUTQAMYfwDsm/fZ8n\nrYRR+raCV7xb+6Nra3Pf8EyDJKjrBpjbsmF64ZytIHFeW/cTGgYJa6SWnS+xmf1w\nZlkAAAc4mSqd3JkqndwAAAAHc3NoLXJzYQAAAgEA1srmsQQE9lShkeK8wLa9LZ9F\nvijHZFvcYb9gTcYUBxyjN3EN4pqTfILoKwX0HKZdNHX5w4cKWNDZ1jr0MxJbJ6XE\nJVRs5JroJwDgc3VkrqaGla3CTVugz/qN5Im77cMKdGH8y+c2CrGgu01nXtk/ehpC\nv8kC/yw5d5VJIjq7bd+REKCEg5s0CJ+T51RpwVjmYb3x61Boe2l7J7K/IWehDwYa\nliOfMTDH0r/Oh+0WnYYhQL2cNGDvchbG3I0U0L6xLgf7xZ/41En0kwhFnr0PjPny\newU1kzUcR1+XVuM1h1zeK/bs5GfF7XQ+De49fNXXtZSUN1zCP8guMFFwrbWwGjvJ\nnfGgdF9k/Djv9V/PYYFdqgtnngO1csQW3O7ECa3jjzomjyJKawVqKzJrQmMCoYw0\nZdn8yOpDh9NNvBbO76z6zXi1hf1VwcnilcxTXKksxJn8nb1F/A9yZ2+7DcwzMxBH\nxmmWN14+P881Bjdq2UVA7KHWWXqOzVODZ9FTMPDILwkbpIDtWdHi/ZvgOMOaVbyT\n2SzWxBo6TKP47azJ4jZazFR/NsyztQk91rzPGrJJcQCrZjnCZn1APh514V0HdvwJ\nUTQAMYfwDsm/fZ8nrYRR+raCV7xb+6Nra3Pf8EyDJKjrBpjbsmF64ZytIHFeW/cT\nGgYJa6SWnS+xmf1wZlkAAAADAQABAAACABI/qtnfPYywJAoA+Yhl/iyiG4rMbCRa\nqZ6kY8o3yfvQsw1Czasy9tTdSlxdZSAKAmEypMW382kYVWmeGKE+LgBwVPnW8ml5\nv7+Qk4E7uBIek9Cjsp5f6onA/80q5oyMxZadvJyWSEEgVkeTi/TDAGGfWYxxx49m\ncnt2c4A0/TeYhvqiqJ+F0CXraOV+hn2mz+v990/GxRm3HH+C8DomU8iy/A9Fd4D2\nZAPDyAhEXGeFvc2CToMkuTM4PC0Az4Psr6D5jKp9rOZcYisbyM5zwZ54neFVz/dx\ny7VEqdb39tRJT5bso7PEHUzPU3Zbh13TzT/gH7eUaeyBVWtFgA1CInPwQK6E3Owy\nOraN1IK8ij8yGM4T1skFkIBdnU2YlRkAABMCjtM9xo3c0MIDlOMRHqdR5vYwO7bk\nSoK6J6fkjDWZwm+xeLZSA96v5igQlDyVSQUlzaJ+AAny79zy1DB1P+Pvtc0c2dih\n9rt+VKhzu49/KdaR7TJyG9Q0N0lVYFbulE4/Li/Ad/fH6D3mG7hXUsNX/F0iZhTX\nCukMuGbyIYGWiUz5akiEImFfl67uXHHJpJB4IinL4ZSvX3EMGLk/NViSxrcs++KL\n414T5KI72DyED/eP8WvZihet98DnMpd6QAxk8s5SzcbU0lIilNWDiY3moJQJkE+7\nKzijBa1ZMBwBAAABAQDS6tk/E2O2t4Kg1JF3AkbzrBc9564jW6xXOn8L8IGbFbQM\nd479mZRz7DK9RTqbQlHxxc18tclgRWO9hd+1JisGUwyYusJYN6ip3I2Vc0Qa4YUk\nz14aZoPLalaAJPgah7nm55IveRFcsI/yR3lZWluNqJKR7K3wiHPhsCeU/kSGICjP\n8J2nyhv6UK83HPyX7GyRsIRfslJGNbA1ocfXjJ9pxOpfpoeBh088GN63Moe5rHA8\nv6dYTPKZAwcG9rC5NQCqQaHnR06mcv7CrqyhoToMDzNfvTokXErcFFkT093ibfa+\nE5csteh1H4+Ze9d7RhiVFBeoD6mW9hm0Ds82clkrAAABAQDhxqKifjssPdhlwVkH\nutpcoNGmfCl4EMYgghL3t9PrphIOCzBIfo5lmWgbG4JwQep6yb1L0IC1eUUFr06w\ngIowzLy8gjwMOGbte5jOVLnmgnr9eLIUi7jz5GfcEls0d5NdboLHlyQLpd+sccut\nEGkzFjtkgCR43E2055CFa3cv5PcMvJ88fz4TEJE613oP82N9vd3GcyibFdPDRB6Y\neiDoCn8Q0tf3OMr+rjZj6mbUkJA2pcABBiHvJdao7q0y+80yOcFuUPBGgTU41vW1\nN4NuCeFck8dFPrp5v1ji5VVCR0YDQxAVHDDi9vcDFCb4DCr6CzF+0oBQAnJiQb57\niK4lAAABAQDzi92g/5mbS4SJHDGhC+V497AWuBr3V+VeifmCsaeMHzCLp5wQhLS+\nxoRc4RlrUT8iaklT+HXQrfv3zuKKKeJEo1T4Ir8mWOiqKBfmn96k+3aJ/yAW9L9K\n623MQBY0aBM2FELGdUKYgmxopAUwa/HI6PUcy7UJ3lihBeJ8Ax0dD4CnM6rYrEIB\nBx82qS8dEpgBDmPqp7A6AShXz9vWIT1CCv2w8ub/pVPhr1OQR0U9zEZ1TacMEwve\nGOnfAotW+9twGKrSDLOoJky5+qPYiYbyZbm5JqpxsQ+BPQtCGwjLW+6Z7DnvVGVr\ntCX193+1r4zvH7GgBq0Ca4hO/Fid+d8lAAAAAAEC\n-----END OPENSSH PRIVATE KEY-----\n",
            "private_key_pem": "-----BEGIN RSA PRIVATE KEY-----\nMIIJKQIBAAKCAgEA1srmsQQE9lShkeK8wLa9LZ9FvijHZFvcYb9gTcYUBxyjN3EN\n4pqTfILoKwX0HKZdNHX5w4cKWNDZ1jr0MxJbJ6XEJVRs5JroJwDgc3VkrqaGla3C\nTVugz/qN5Im77cMKdGH8y+c2CrGgu01nXtk/ehpCv8kC/yw5d5VJIjq7bd+REKCE\ng5s0CJ+T51RpwVjmYb3x61Boe2l7J7K/IWehDwYaliOfMTDH0r/Oh+0WnYYhQL2c\nNGDvchbG3I0U0L6xLgf7xZ/41En0kwhFnr0PjPnyewU1kzUcR1+XVuM1h1zeK/bs\n5GfF7XQ+De49fNXXtZSUN1zCP8guMFFwrbWwGjvJnfGgdF9k/Djv9V/PYYFdqgtn\nngO1csQW3O7ECa3jjzomjyJKawVqKzJrQmMCoYw0Zdn8yOpDh9NNvBbO76z6zXi1\nhf1VwcnilcxTXKksxJn8nb1F/A9yZ2+7DcwzMxBHxmmWN14+P881Bjdq2UVA7KHW\nWXqOzVODZ9FTMPDILwkbpIDtWdHi/ZvgOMOaVbyT2SzWxBo6TKP47azJ4jZazFR/\nNsyztQk91rzPGrJJcQCrZjnCZn1APh514V0HdvwJUTQAMYfwDsm/fZ8nrYRR+raC\nV7xb+6Nra3Pf8EyDJKjrBpjbsmF64ZytIHFeW/cTGgYJa6SWnS+xmf1wZlkCAwEA\nAQKCAgASP6rZ3z2MsCQKAPmIZf4sohuKzGwkWqmepGPKN8n70LMNQs2rMvbU3Upc\nXWUgCgJhMqTFt/NpGFVpnhihPi4AcFT51vJpeb+/kJOBO7gSHpPQo7KeX+qJwP/N\nKuaMjMWWnbyclkhBIFZHk4v0wwBhn1mMccePZnJ7dnOANP03mIb6oqifhdAl62jl\nfoZ9ps/r/fdPxsUZtxx/gvA6JlPIsvwPRXeA9mQDw8gIRFxnhb3Ngk6DJLkzODwt\nAM+D7K+g+YyqfazmXGIrG8jOc8GeeJ3hVc/3ccu1RKnW9/bUSU+W7KOzxB1Mz1N2\nW4dd080/4B+3lGnsgVVrRYANQiJz8ECuhNzsMjq2jdSCvIo/MhjOE9bJBZCAXZ1N\nmJUZAAATAo7TPcaN3NDCA5TjER6nUeb2MDu25EqCuien5Iw1mcJvsXi2UgPer+Yo\nEJQ8lUkFJc2ifgAJ8u/c8tQwdT/j77XNHNnYofa7flSoc7uPfynWke0ychvUNDdJ\nVWBW7pROPy4vwHf3x+g95hu4V1LDV/xdImYU1wrpDLhm8iGBlolM+WpIhCJhX5eu\n7lxxyaSQeCIpy+GUr19xDBi5PzVYksa3LPvii+NeE+SiO9g8hA/3j/Fr2YoXrffA\n5zKXekAMZPLOUs3G1NJSIpTVg4mN5qCUCZBPuys4owWtWTAcAQKCAQEA4caion47\nLD3YZcFZB7raXKDRpnwpeBDGIIIS97fT66YSDgswSH6OZZloGxuCcEHqesm9S9CA\ntXlFBa9OsICKMMy8vII8DDhm7XuYzlS55oJ6/XiyFIu48+Rn3BJbNHeTXW6Cx5ck\nC6XfrHHLrRBpMxY7ZIAkeNxNtOeQhWt3L+T3DLyfPH8+ExCROtd6D/Njfb3dxnMo\nmxXTw0QemHog6Ap/ENLX9zjK/q42Y+pm1JCQNqXAAQYh7yXWqO6tMvvNMjnBblDw\nRoE1ONb1tTeDbgnhXJPHRT66eb9Y4uVVQkdGA0MQFRww4vb3AxQm+Awq+gsxftKA\nUAJyYkG+e4iuJQKCAQEA84vdoP+Zm0uEiRwxoQvlePewFrga91flXon5grGnjB8w\ni6ecEIS0vsaEXOEZa1E/ImpJU/h10K37987iiiniRKNU+CK/JljoqigX5p/epPt2\nif8gFvS/SuttzEAWNGgTNhRCxnVCmIJsaKQFMGvxyOj1HMu1Cd5YoQXifAMdHQ+A\npzOq2KxCAQcfNqkvHRKYAQ5j6qewOgEoV8/b1iE9Qgr9sPLm/6VT4a9TkEdFPcxG\ndU2nDBML3hjp3wKLVvvbcBiq0gyzqCZMufqj2ImG8mW5uSaqcbEPgT0LQhsIy1vu\nmew571Rla7Ql9fd/ta+M7x+xoAatAmuITvxYnfnfJQKCAQBX5Wbnb9FFlgYrByzL\n75iXOxyjfe7/CTi46yrLOcvND+gzg3OWpX52W1TGSN1tKpxIlUWWwGN7Quz2G5u8\n5y3lda98jA8oisS3a8i/ewisjtum1lgt239zo9YzPQo40NyUITPU1Ch6SGdd0SeE\nBsGN2/ffVmvciZfO99+xsXbDNJZhZQVxHfBip66Cg+THVO/EwigW3DpQthytBlYK\n8nDhJUT2nb7qRjfxEo2mNFk4I9ehDsJDI8oOOmLpfZH8KT9ncEi309bW+/JmYHlj\nxWrraflMe1O2x4b9YtsN6k5Y8Tp2hqM6NLFris37atsI8mPA2J66SuUdQPaa/hFU\nMo/pAoIBAQCc1VXMZqypN5FKphBDkCCerIoFp1seKsj2/0zg37xwXGlrlWzHql2m\neLomAYLX/AL3C5Da9SYRUujuZJi3tk8SOkfuXpnPfPOfF6CEkDDU92YXaWZlwggp\nm8AiBqcF6ntsmNGDcWGISny7SdxZmTmjUnj9qSSVDUzvrJVznKGz5BbKFViQnSUH\n+mkcTwia5S1jiLvJEWFHiRVMrvr3QoJrNB64Q0OEHxgMPlZGk87AA/rfcTkAaod6\n53o7dSz7v8ZIwmnGSA2tW7SPExtNxwpSsDVQSNj7y7SbWg8U68nXAwV8s4V/XE7P\nc7v6T/46pqjQGA3Pal0hMNQfYRtD5/PNAoIBAQDS6tk/E2O2t4Kg1JF3AkbzrBc9\n564jW6xXOn8L8IGbFbQMd479mZRz7DK9RTqbQlHxxc18tclgRWO9hd+1JisGUwyY\nusJYN6ip3I2Vc0Qa4YUkz14aZoPLalaAJPgah7nm55IveRFcsI/yR3lZWluNqJKR\n7K3wiHPhsCeU/kSGICjP8J2nyhv6UK83HPyX7GyRsIRfslJGNbA1ocfXjJ9pxOpf\npoeBh088GN63Moe5rHA8v6dYTPKZAwcG9rC5NQCqQaHnR06mcv7CrqyhoToMDzNf\nvTokXErcFFkT093ibfa+E5csteh1H4+Ze9d7RhiVFBeoD6mW9hm0Ds82clkr\n-----END RSA PRIVATE KEY-----\n",
            "private_key_pem_pkcs8": "-----BEGIN PRIVATE KEY-----\nMIIJQwIBADANBgkqhkiG9w0BAQEFAASCCS0wggkpAgEAAoICAQDWyuaxBAT2VKGR\n4rzAtr0tn0W+KMdkW9xhv2BNxhQHHKM3cQ3impN8gugrBfQcpl00dfnDhwpY0NnW\nOvQzElsnpcQlVGzkmugnAOBzdWSupoaVrcJNW6DP+o3kibvtwwp0YfzL5zYKsaC7\nTWde2T96GkK/yQL/LDl3lUkiOrtt35EQoISDmzQIn5PnVGnBWOZhvfHrUGh7aXsn\nsr8hZ6EPBhqWI58xMMfSv86H7RadhiFAvZw0YO9yFsbcjRTQvrEuB/vFn/jUSfST\nCEWevQ+M+fJ7BTWTNRxHX5dW4zWHXN4r9uzkZ8XtdD4N7j181de1lJQ3XMI/yC4w\nUXCttbAaO8md8aB0X2T8OO/1X89hgV2qC2eeA7VyxBbc7sQJreOPOiaPIkprBWor\nMmtCYwKhjDRl2fzI6kOH0028Fs7vrPrNeLWF/VXByeKVzFNcqSzEmfydvUX8D3Jn\nb7sNzDMzEEfGaZY3Xj4/zzUGN2rZRUDsodZZeo7NU4Nn0VMw8MgvCRukgO1Z0eL9\nm+A4w5pVvJPZLNbEGjpMo/jtrMniNlrMVH82zLO1CT3WvM8asklxAKtmOcJmfUA+\nHnXhXQd2/AlRNAAxh/AOyb99nyethFH6toJXvFv7o2trc9/wTIMkqOsGmNuyYXrh\nnK0gcV5b9xMaBglrpJadL7GZ/XBmWQIDAQABAoICABI/qtnfPYywJAoA+Yhl/iyi\nG4rMbCRaqZ6kY8o3yfvQsw1Czasy9tTdSlxdZSAKAmEypMW382kYVWmeGKE+LgBw\nVPnW8ml5v7+Qk4E7uBIek9Cjsp5f6onA/80q5oyMxZadvJyWSEEgVkeTi/TDAGGf\nWYxxx49mcnt2c4A0/TeYhvqiqJ+F0CXraOV+hn2mz+v990/GxRm3HH+C8DomU8iy\n/A9Fd4D2ZAPDyAhEXGeFvc2CToMkuTM4PC0Az4Psr6D5jKp9rOZcYisbyM5zwZ54\nneFVz/dxy7VEqdb39tRJT5bso7PEHUzPU3Zbh13TzT/gH7eUaeyBVWtFgA1CInPw\nQK6E3OwyOraN1IK8ij8yGM4T1skFkIBdnU2YlRkAABMCjtM9xo3c0MIDlOMRHqdR\n5vYwO7bkSoK6J6fkjDWZwm+xeLZSA96v5igQlDyVSQUlzaJ+AAny79zy1DB1P+Pv\ntc0c2dih9rt+VKhzu49/KdaR7TJyG9Q0N0lVYFbulE4/Li/Ad/fH6D3mG7hXUsNX\n/F0iZhTXCukMuGbyIYGWiUz5akiEImFfl67uXHHJpJB4IinL4ZSvX3EMGLk/NViS\nxrcs++KL414T5KI72DyED/eP8WvZihet98DnMpd6QAxk8s5SzcbU0lIilNWDiY3m\noJQJkE+7KzijBa1ZMBwBAoIBAQDhxqKifjssPdhlwVkHutpcoNGmfCl4EMYgghL3\nt9PrphIOCzBIfo5lmWgbG4JwQep6yb1L0IC1eUUFr06wgIowzLy8gjwMOGbte5jO\nVLnmgnr9eLIUi7jz5GfcEls0d5NdboLHlyQLpd+sccutEGkzFjtkgCR43E2055CF\na3cv5PcMvJ88fz4TEJE613oP82N9vd3GcyibFdPDRB6YeiDoCn8Q0tf3OMr+rjZj\n6mbUkJA2pcABBiHvJdao7q0y+80yOcFuUPBGgTU41vW1N4NuCeFck8dFPrp5v1ji\n5VVCR0YDQxAVHDDi9vcDFCb4DCr6CzF+0oBQAnJiQb57iK4lAoIBAQDzi92g/5mb\nS4SJHDGhC+V497AWuBr3V+VeifmCsaeMHzCLp5wQhLS+xoRc4RlrUT8iaklT+HXQ\nrfv3zuKKKeJEo1T4Ir8mWOiqKBfmn96k+3aJ/yAW9L9K623MQBY0aBM2FELGdUKY\ngmxopAUwa/HI6PUcy7UJ3lihBeJ8Ax0dD4CnM6rYrEIBBx82qS8dEpgBDmPqp7A6\nAShXz9vWIT1CCv2w8ub/pVPhr1OQR0U9zEZ1TacMEwveGOnfAotW+9twGKrSDLOo\nJky5+qPYiYbyZbm5JqpxsQ+BPQtCGwjLW+6Z7DnvVGVrtCX193+1r4zvH7GgBq0C\na4hO/Fid+d8lAoIBAFflZudv0UWWBisHLMvvmJc7HKN97v8JOLjrKss5y80P6DOD\nc5alfnZbVMZI3W0qnEiVRZbAY3tC7PYbm7znLeV1r3yMDyiKxLdryL97CKyO26bW\nWC3bf3Oj1jM9CjjQ3JQhM9TUKHpIZ13RJ4QGwY3b999Wa9yJl87337GxdsM0lmFl\nBXEd8GKnroKD5MdU78TCKBbcOlC2HK0GVgrycOElRPadvupGN/ESjaY0WTgj16EO\nwkMjyg46Yul9kfwpP2dwSLfT1tb78mZgeWPFautp+Ux7U7bHhv1i2w3qTljxOnaG\nozo0sWuKzftq2wjyY8DYnrpK5R1A9pr+EVQyj+kCggEBAJzVVcxmrKk3kUqmEEOQ\nIJ6sigWnWx4qyPb/TODfvHBcaWuVbMeqXaZ4uiYBgtf8AvcLkNr1JhFS6O5kmLe2\nTxI6R+5emc98858XoISQMNT3ZhdpZmXCCCmbwCIGpwXqe2yY0YNxYYhKfLtJ3FmZ\nOaNSeP2pJJUNTO+slXOcobPkFsoVWJCdJQf6aRxPCJrlLWOIu8kRYUeJFUyu+vdC\ngms0HrhDQ4QfGAw+VkaTzsAD+t9xOQBqh3rnejt1LPu/xkjCacZIDa1btI8TG03H\nClKwNVBI2PvLtJtaDxTrydcDBXyzhX9cTs9zu/pP/jqmqNAYDc9qXSEw1B9hG0Pn\n880CggEBANLq2T8TY7a3gqDUkXcCRvOsFz3nriNbrFc6fwvwgZsVtAx3jv2ZlHPs\nMr1FOptCUfHFzXy1yWBFY72F37UmKwZTDJi6wlg3qKncjZVzRBrhhSTPXhpmg8tq\nVoAk+BqHuebnki95EVywj/JHeVlaW42okpHsrfCIc+GwJ5T+RIYgKM/wnafKG/pQ\nrzcc/JfsbJGwhF+yUkY1sDWhx9eMn2nE6l+mh4GHTzwY3rcyh7mscDy/p1hM8pkD\nBwb2sLk1AKpBoedHTqZy/sKurKGhOgwPM1+9OiRcStwUWRPT3eJt9r4Tlyy16HUf\nj5l713tGGJUUF6gPqZb2GbQOzzZyWSs=\n-----END PRIVATE KEY-----\n",
            "public_key_fingerprint_md5": "9d:36:74:e1:56:9a:64:63:23:e2:59:18:c1:2d:b5:09",
            "public_key_fingerprint_sha256": "SHA256:1HUxT6a5Ntx6iM+MVz57Nv8k+efRdFrhN16DwTBqEEU",
            "public_key_openssh": "ssh-rsa AAAAB3NzaC1yc2EAAAADAQABAAACAQDWyuaxBAT2VKGR4rzAtr0tn0W+KMdkW9xhv2BNxhQHHKM3cQ3impN8gugrBfQcpl00dfnDhwpY0NnWOvQzElsnpcQlVGzkmugnAOBzdWSupoaVrcJNW6DP+o3kibvtwwp0YfzL5zYKsaC7TWde2T96GkK/yQL/LDl3lUkiOrtt35EQoISDmzQIn5PnVGnBWOZhvfHrUGh7aXsnsr8hZ6EPBhqWI58xMMfSv86H7RadhiFAvZw0YO9yFsbcjRTQvrEuB/vFn/jUSfSTCEWevQ+M+fJ7BTWTNRxHX5dW4zWHXN4r9uzkZ8XtdD4N7j181de1lJQ3XMI/yC4wUXCttbAaO8md8aB0X2T8OO/1X89hgV2qC2eeA7VyxBbc7sQJreOPOiaPIkprBWorMmtCYwKhjDRl2fzI6kOH0028Fs7vrPrNeLWF/VXByeKVzFNcqSzEmfydvUX8D3Jnb7sNzDMzEEfGaZY3Xj4/zzUGN2rZRUDsodZZeo7NU4Nn0VMw8MgvCRukgO1Z0eL9m+A4w5pVvJPZLNbEGjpMo/jtrMniNlrMVH82zLO1CT3WvM8asklxAKtmOcJmfUA+HnXhXQd2/AlRNAAxh/AOyb99nyethFH6toJXvFv7o2trc9/wTIMkqOsGmNuyYXrhnK0gcV5b9xMaBglrpJadL7GZ/XBmWQ==\n",
            "public_key_pem": "-----BEGIN PUBLIC KEY-----\nMIICIjANBgkqhkiG9w0BAQEFAAOCAg8AMIICCgKCAgEA1srmsQQE9lShkeK8wLa9\nLZ9FvijHZFvcYb9gTcYUBxyjN3EN4pqTfILoKwX0HKZdNHX5w4cKWNDZ1jr0MxJb\nJ6XEJVRs5JroJwDgc3VkrqaGla3CTVugz/qN5Im77cMKdGH8y+c2CrGgu01nXtk/\nehpCv8kC/yw5d5VJIjq7bd+REKCEg5s0CJ+T51RpwVjmYb3x61Boe2l7J7K/IWeh\nDwYaliOfMTDH0r/Oh+0WnYYhQL2cNGDvchbG3I0U0L6xLgf7xZ/41En0kwhFnr0P\njPnyewU1kzUcR1+XVuM1h1zeK/bs5GfF7XQ+De49fNXXtZSUN1zCP8guMFFwrbWw\nGjvJnfGgdF9k/Djv9V/PYYFdqgtnngO1csQW3O7ECa3jjzomjyJKawVqKzJrQmMC\noYw0Zdn8yOpDh9NNvBbO76z6zXi1hf1VwcnilcxTXKksxJn8nb1F/A9yZ2+7Dcwz\nMxBHxmmWN14+P881Bjdq2UVA7KHWWXqOzVODZ9FTMPDILwkbpIDtWdHi/ZvgOMOa\nVbyT2SzWxBo6TKP47azJ4jZazFR/NsyztQk91rzPGrJJcQCrZjnCZn1APh514V0H\ndvwJUTQAMYfwDsm/fZ8nrYRR+raCV7xb+6Nra3Pf8EyDJKjrBpjbsmF64ZytIHFe\nW/cTGgYJa6SWnS+xmf1wZlkCAwEAAQ==\n-----END PUBLIC KEY-----\n",
            "rsa_bits": 4096
          },
          "sensitive_attributes": [
            [
              {
                "type": "get_attr",
                "value": "private_key_openssh"
              }
            ],
            [
              {
                "type": "get_attr",
                "value": "private_key_pem_pkcs8"
              }
            ],
            [
              {
                "type": "get_attr",
                "value": "private_key_pem"
              }
            ]
          ]
        }
      ]
    }
  ],
  "check_results": null
}
